"@supabase/auth-js@npm:2.71.1":
  version: 2.71.1
  resolution: "@supabase/auth-js@npm:2.71.1"
  dependencies:
    "@supabase/node-fetch": ^2.6.14
  checksum: 553a869ee52854ab5a98a596be680c9dbf7f195d9e1affe9831fc9e31f7729b09d2f9f3ff43845cdb3348e186cc6c0be3e30862e9ebee23f889f1ef14cf7985a
  languageName: node
  linkType: hard

"@supabase/functions-js@npm:2.4.6":
  version: 2.4.6
  resolution: "@supabase/functions-js@npm:2.4.6"
  dependencies:
    "@supabase/node-fetch": ^2.6.14
  checksum: 35c6444265182cbd9483b6edf018f6cd5529fabbdfb5ceadc3ac30da2ba7f2b5f27a84c7f5d710db524bab63b7ae2b8e1f59f687813f1be17cb367a609ef53f5
  languageName: node
  linkType: hard

"@supabase/node-fetch@npm:2.6.15, @supabase/node-fetch@npm:^2.6.13, @supabase/node-fetch@npm:^2.6.14":
  version: 2.6.15
  resolution: "@supabase/node-fetch@npm:2.6.15"
  dependencies:
    whatwg-url: ^5.0.0
  checksum: 9673b49236a56df49eb7ea5cb789cf4e8b1393069b84b4964ac052995e318a34872f428726d128f232139e17c3375a531e45e99edd3e96a25cce60d914b53879
  languageName: node
  linkType: hard

"@supabase/postgrest-js@npm:1.21.4":
  version: 1.21.4
  resolution: "@supabase/postgrest-js@npm:1.21.4"
  dependencies:
    "@supabase/node-fetch": ^2.6.14
  checksum: 5f3fc05358777de4e01edabfb46ad79722652640e0e06be132f5f5aaed11f6282163ec8d7d7f75618eab981b94fcf2e546247c1d742647f1755baf5f8be71f07
  languageName: node
  linkType: hard

"@supabase/realtime-js@npm:2.15.5":
  version: 2.15.5
  resolution: "@supabase/realtime-js@npm:2.15.5"
  dependencies:
    "@supabase/node-fetch": ^2.6.13
    "@types/phoenix": ^1.6.6
    "@types/ws": ^8.18.1
    ws: ^8.18.2
  checksum: a609fad3efbcca7b2b8e25819608d4cae806390d04a58ba4b10db5a320572003650e3ef57c2ae50370c3128a3ff28b451231629c9c37f877a2059ab8759c2697
  languageName: node
  linkType: hard

"@supabase/storage-js@npm:2.12.1":
  version: 2.12.1
  resolution: "@supabase/storage-js@npm:2.12.1"
  dependencies:
    "@supabase/node-fetch": ^2.6.14
  checksum: fa946816bb5f96d9d08ca99dbfb16c99437c824e4032d091e4b2a94c65c96665741bc94feac12a6b4d9f8382db82c3bb313d14613eeaed66739259b4fbab21f4
  languageName: node
  linkType: hard

"@supabase/supabase-js@npm:2.57.4":
  version: 2.57.4
  resolution: "@supabase/supabase-js@npm:2.57.4"
  dependencies:
    "@supabase/auth-js": 2.71.1
    "@supabase/functions-js": 2.4.6
    "@supabase/node-fetch": 2.6.15
    "@supabase/postgrest-js": 1.21.4
    "@supabase/realtime-js": 2.15.5
    "@supabase/storage-js": 2.12.1
  checksum: 19270c08f80a16a8d64ee3d02c86468e5d3c350b90ccf4f41fa2590ba75319f9aa516b1f70205f5871cdd769257a372f3d6abb17be5c4b093768fd0e8099c0f4
  languageName: node
  linkType: hard

"@types/jszip@npm:3.4.1":
  version: 3.4.1
  resolution: "@types/jszip@npm:3.4.1"
  dependencies:
    jszip: "*"
  checksum: e779a531fadfc2152233b71055cb67d21e8a8c6bbc6e94ffc5d186bc3fea6a66294c3efa87314339a9fd4b17fe9cb65cacd6c60d14db1d9487f8b9ae17d03255
  languageName: node
  linkType: hard

"@types/phoenix@npm:^1.6.6":
  version: 1.6.6
  resolution: "@types/phoenix@npm:1.6.6"
  checksum: 9dc897cb9a4cd62f7a0de48855e6cafded5c676e7d78c4d3a9ade4f21ec82b95eb7195caada26a9a3a5d9aba14f0fd875bc3898e086234b20da63991a033f6e8
  languageName: node
  linkType: hard

"@types/ws@npm:^8.18.1":
  version: 8.18.1
  resolution: "@types/ws@npm:8.18.1"
  dependencies:
    "@types/node": "*"
  checksum: 0331b14cde388e2805af66cad3e3f51857db8e68ed91e5b99750915e96fe7572e58296dc99999331bbcf08f0ff00a227a0bb214e991f53c2a5aca7b0e71173fa
  languageName: node
  linkType: hard

"jszip@npm:*, jszip@npm:3.10.1":
  version: 3.10.1
  resolution: "jszip@npm:3.10.1"
  dependencies:
    lie: ~3.3.0
    pako: ~1.0.2
    readable-stream: ~2.3.6
    setimmediate: ^1.0.5
  checksum: abc77bfbe33e691d4d1ac9c74c8851b5761fba6a6986630864f98d876f3fcc2d36817dfc183779f32c00157b5d53a016796677298272a714ae096dfe6b1c8b60
  languageName: node
  linkType: hard

"lie@npm:~3.3.0":
  version: 3.3.0
  resolution: "lie@npm:3.3.0"
  dependencies:
    immediate: ~3.0.5
  checksum: 33102302cf19766f97919a6a98d481e01393288b17a6aa1f030a3542031df42736edde8dab29ffdbf90bebeffc48c761eb1d064dc77592ca3ba3556f9fe6d2a8
  languageName: node
  linkType: hard

"pako@npm:~1.0.2, pako@npm:~1.0.5":
    "@supabase/supabase-js": 2.57.4
    "@types/jszip": 3.4.1
    jszip: 3.10.1
    zod: 4.1.8
"setimmediate@npm:^1.0.4, setimmediate@npm:^1.0.5":
"zod@npm:4.1.8":
  version: 4.1.8
  resolution: "zod@npm:4.1.8"
  checksum: 63a91bfa0baf0a54191b2794ee286d87373e37462786490251a273e9ddb7a939b4daa5f5af7e3b00fa90dfe50e67e5861fcad12d6cdb1be0d06c9f3cb03b65f6
  languageName: node
  linkType: hard

